
Microsoft Visual Studio Solution File, Format Version 12.00
# Visual Studio Version 16
VisualStudioVersion = 16.0.29201.188
MinimumVisualStudioVersion = 10.0.40219.1
Project("{FAE04EC0-301F-11D3-BF4B-00C04F79EFBC}") = "StructuredExceptionHandling", "StructuredExceptionHandling\StructuredExceptionHandling.csproj", "{B138B425-83A6-467E-8047-3571EB00F84E}"
EndProject
Global
	GlobalSection(SolutionConfigurationPlatforms) = preSolution
		Debug|Any CPU = Debug|Any CPU
		Release|Any CPU = Release|Any CPU
	EndGlobalSection
	GlobalSection(ProjectConfigurationPlatforms) = postSolution
		{B138B425-83A6-467E-8047-3571EB00F84E}.Debug|Any CPU.ActiveCfg = Debug|Any CPU
		{B138B425-83A6-467E-8047-3571EB00F84E}.Debug|Any CPU.Build.0 = Debug|Any CPU
		{B138B425-83A6-467E-8047-3571EB00F84E}.Release|Any CPU.ActiveCfg = Release|Any CPU
		{B138B425-83A6-467E-8047-3571EB00F84E}.Release|Any CPU.Build.0 = Release|Any CPU
	EndGlobalSection
	GlobalSection(SolutionProperties) = preSolution
		HideSolutionNode = FALSE
	EndGlobalSection
	GlobalSection(ExtensibilityGlobals) = postSolution
		SolutionGuid = {A653E364-8660-415B-95E2-E14FCD00C622}
	EndGlobalSection
EndGlobal
