
Microsoft Visual Studio Solution File, Format Version 12.00
# Visual Studio Version 16
VisualStudioVersion = 16.0.29201.188
MinimumVisualStudioVersion = 10.0.40219.1
Project("{FAE04EC0-301F-11D3-BF4B-00C04F79EFBC}") = "ConsoleApp1", "ConsoleApp1\ConsoleApp1.csproj", "{C73AA20F-EDEC-4FA6-9FEE-300BA69AFBD9}"
EndProject
Global
	GlobalSection(SolutionConfigurationPlatforms) = preSolution
		Debug|Any CPU = Debug|Any CPU
		Release|Any CPU = Release|Any CPU
	EndGlobalSection
	GlobalSection(ProjectConfigurationPlatforms) = postSolution
		{C73AA20F-EDEC-4FA6-9FEE-300BA69AFBD9}.Debug|Any CPU.ActiveCfg = Debug|Any CPU
		{C73AA20F-EDEC-4FA6-9FEE-300BA69AFBD9}.Debug|Any CPU.Build.0 = Debug|Any CPU
		{C73AA20F-EDEC-4FA6-9FEE-300BA69AFBD9}.Release|Any CPU.ActiveCfg = Release|Any CPU
		{C73AA20F-EDEC-4FA6-9FEE-300BA69AFBD9}.Release|Any CPU.Build.0 = Release|Any CPU
	EndGlobalSection
	GlobalSection(SolutionProperties) = preSolution
		HideSolutionNode = FALSE
	EndGlobalSection
	GlobalSection(ExtensibilityGlobals) = postSolution
		SolutionGuid = {6CBE3D17-8839-4BED-AC6A-007BE2DD4060}
	EndGlobalSection
EndGlobal
