
Microsoft Visual Studio Solution File, Format Version 12.00
# Visual Studio Version 16
VisualStudioVersion = 16.0.29201.188
MinimumVisualStudioVersion = 10.0.40219.1
Project("{FAE04EC0-301F-11D3-BF4B-00C04F79EFBC}") = "ClassExample", "ClassExample\ClassExample.csproj", "{C7B03F1C-2446-4FC2-8164-C766A4099224}"
EndProject
Project("{FAE04EC0-301F-11D3-BF4B-00C04F79EFBC}") = "UsingNamespaces", "UsingNamespaces\UsingNamespaces.csproj", "{F93830A9-4059-433F-8162-8CCCD0B2CFF4}"
EndProject
Project("{FAE04EC0-301F-11D3-BF4B-00C04F79EFBC}") = "ComplexClassExample", "ComplexClassExample\ComplexClassExample.csproj", "{60566B0B-7678-46A8-A190-27D226FEA42F}"
EndProject
Global
	GlobalSection(SolutionConfigurationPlatforms) = preSolution
		Debug|Any CPU = Debug|Any CPU
		Release|Any CPU = Release|Any CPU
	EndGlobalSection
	GlobalSection(ProjectConfigurationPlatforms) = postSolution
		{C7B03F1C-2446-4FC2-8164-C766A4099224}.Debug|Any CPU.ActiveCfg = Debug|Any CPU
		{C7B03F1C-2446-4FC2-8164-C766A4099224}.Debug|Any CPU.Build.0 = Debug|Any CPU
		{C7B03F1C-2446-4FC2-8164-C766A4099224}.Release|Any CPU.ActiveCfg = Release|Any CPU
		{C7B03F1C-2446-4FC2-8164-C766A4099224}.Release|Any CPU.Build.0 = Release|Any CPU
		{F93830A9-4059-433F-8162-8CCCD0B2CFF4}.Debug|Any CPU.ActiveCfg = Debug|Any CPU
		{F93830A9-4059-433F-8162-8CCCD0B2CFF4}.Debug|Any CPU.Build.0 = Debug|Any CPU
		{F93830A9-4059-433F-8162-8CCCD0B2CFF4}.Release|Any CPU.ActiveCfg = Release|Any CPU
		{F93830A9-4059-433F-8162-8CCCD0B2CFF4}.Release|Any CPU.Build.0 = Release|Any CPU
		{60566B0B-7678-46A8-A190-27D226FEA42F}.Debug|Any CPU.ActiveCfg = Debug|Any CPU
		{60566B0B-7678-46A8-A190-27D226FEA42F}.Debug|Any CPU.Build.0 = Debug|Any CPU
		{60566B0B-7678-46A8-A190-27D226FEA42F}.Release|Any CPU.ActiveCfg = Release|Any CPU
		{60566B0B-7678-46A8-A190-27D226FEA42F}.Release|Any CPU.Build.0 = Release|Any CPU
	EndGlobalSection
	GlobalSection(SolutionProperties) = preSolution
		HideSolutionNode = FALSE
	EndGlobalSection
	GlobalSection(ExtensibilityGlobals) = postSolution
		SolutionGuid = {C06D4046-7A9F-40FA-A828-3707BFE92A3C}
	EndGlobalSection
EndGlobal
